<?xml version="1.0" encoding="utf-8"?>
<Project ToolsVersion="4.0" xmlns="http://schemas.microsoft.com/developer/msbuild/2003">
  <ItemGroup>
    <Filter Include="Source Files">
      <UniqueIdentifier>{4FC737F1-C7A5-4376-A066-2A32D752A2FF}</UniqueIdentifier>
      <Extensions>cpp;c;cc;cxx;def;odl;idl;hpj;bat;asm;asmx</Extensions>
    </Filter>
    <Filter Include="Header Files">
      <UniqueIdentifier>{93995380-89BD-4b04-88EB-625FBE52EBFB}</UniqueIdentifier>
      <Extensions>h;hh;hpp;hxx;hm;inl;inc;xsd</Extensions>
    </Filter>
    <Filter Include="Resource Files">
      <UniqueIdentifier>{67DA6AB6-F800-4c08-8B7A-83BB121AAD01}</UniqueIdentifier>
      <Extensions>rc;ico;cur;bmp;dlg;rc2;rct;bin;rgs;gif;jpg;jpeg;jpe;resx;tiff;tif;png;wav;mfcribbon-ms</Extensions>
    </Filter>
    <Filter Include="Source Files\Model">
      <UniqueIdentifier>{f8e96453-3ba8-4b16-849f-bbd35e8d0673}</UniqueIdentifier>
    </Filter>
    <Filter Include="Header Files\Model">
      <UniqueIdentifier>{740a4be3-0741-4a56-a30f-f6aeef9a7182}</UniqueIdentifier>
    </Filter>
    <Filter Include="Header Files\Util">
      <UniqueIdentifier>{349c3dfb-3736-418f-a7e6-2c9e9367259b}</UniqueIdentifier>
    </Filter>
    <Filter Include="Source Files\Util">
      <UniqueIdentifier>{d39c2eba-3c32-4320-9893-b1453a8deca6}</UniqueIdentifier>
    </Filter>
    <Filter Include="Source Files\Control">
      <UniqueIdentifier>{8e8c9471-e061-40e4-9fd7-7cd781d0efbc}</UniqueIdentifier>
    </Filter>
    <Filter Include="Header Files\Control">
      <UniqueIdentifier>{d3f7fc61-57b3-44c6-8603-93f363070263}</UniqueIdentifier>
    </Filter>
  </ItemGroup>
  <ItemGroup>
    <ClInclude Include="Eindvijand.h">
      <Filter>Header Files\Model</Filter>
    </ClInclude>
    <ClInclude Include="Gevecht.h">
      <Filter>Header Files\Model</Filter>
    </ClInclude>
    <ClInclude Include="Held.h">
      <Filter>Header Files\Model</Filter>
    </ClInclude>
    <ClInclude Include="Kerker.h">
      <Filter>Header Files\Model</Filter>
    </ClInclude>
    <ClInclude Include="Laag.h">
      <Filter>Header Files\Model</Filter>
    </ClInclude>
    <ClInclude Include="Ruimte.h">
      <Filter>Header Files\Model</Filter>
    </ClInclude>
    <ClInclude Include="Spul.h">
      <Filter>Header Files\Model</Filter>
    </ClInclude>
    <ClInclude Include="Tegenstander.h">
      <Filter>Header Files\Model</Filter>
    </ClInclude>
    <ClInclude Include="Val.h">
      <Filter>Header Files\Model</Filter>
    </ClInclude>
    <ClInclude Include="Actie.h">
      <Filter>Header Files\Model</Filter>
    </ClInclude>
    <ClInclude Include="RandomGenerator.h">
      <Filter>Header Files\Util</Filter>
    </ClInclude>
    <ClInclude Include="RoomGenerator.h">
      <Filter>Header Files\Util</Filter>
    </ClInclude>
    <ClInclude Include="Dialogue.h">
      <Filter>Header Files\Model</Filter>
    </ClInclude>
<<<<<<< HEAD
    <ClInclude Include="GameObject.h">
      <Filter>Header Files</Filter>
    </ClInclude>
    <ClInclude Include="GameObjectGenerator.h">
      <Filter>Header Files</Filter>
=======
    <ClInclude Include="Engine.h">
      <Filter>Header Files\Control</Filter>
>>>>>>> 464b26908e643140aa69528167d23eaa2cbdd5a4
    </ClInclude>
  </ItemGroup>
  <ItemGroup>
    <ClCompile Include="Held.cpp">
      <Filter>Source Files\Model</Filter>
    </ClCompile>
    <ClCompile Include="Eindvijand.cpp">
      <Filter>Source Files\Model</Filter>
    </ClCompile>
    <ClCompile Include="Gevecht.cpp">
      <Filter>Source Files\Model</Filter>
    </ClCompile>
    <ClCompile Include="Kerker.cpp">
      <Filter>Source Files\Model</Filter>
    </ClCompile>
    <ClCompile Include="Laag.cpp">
      <Filter>Source Files\Model</Filter>
    </ClCompile>
    <ClCompile Include="Ruimte.cpp">
      <Filter>Source Files\Model</Filter>
    </ClCompile>
    <ClCompile Include="Spul.cpp">
      <Filter>Source Files\Model</Filter>
    </ClCompile>
    <ClCompile Include="Tegenstander.cpp">
      <Filter>Source Files\Model</Filter>
    </ClCompile>
    <ClCompile Include="Val.cpp">
      <Filter>Source Files\Model</Filter>
    </ClCompile>
    <ClCompile Include="Actie.cpp">
      <Filter>Source Files\Model</Filter>
    </ClCompile>
    <ClCompile Include="RandomGenerator.cpp">
      <Filter>Source Files\Util</Filter>
    </ClCompile>
    <ClCompile Include="RoomGenerator.cpp">
      <Filter>Source Files\Util</Filter>
    </ClCompile>
<<<<<<< HEAD
    <ClCompile Include="GameObject.cpp">
      <Filter>Source Files</Filter>
    </ClCompile>
    <ClCompile Include="GameObjectGenerator.cpp">
      <Filter>Source Files</Filter>
=======
    <ClCompile Include="Engine.cpp">
      <Filter>Source Files\Control</Filter>
    </ClCompile>
    <ClCompile Include="Main.cpp">
      <Filter>Source Files\Control</Filter>
>>>>>>> 464b26908e643140aa69528167d23eaa2cbdd5a4
    </ClCompile>
  </ItemGroup>
</Project>